
Microsoft Visual Studio Solution File, Format Version 12.00
# Visual Studio Version 16
VisualStudioVersion = 16.0.31105.61
MinimumVisualStudioVersion = 10.0.40219.1
Project("{9A19103F-16F7-4668-BE54-9A1E7A4F7556}") = "RunEverything", "RunEverything\RunEverything.csproj", "{E40BDE7D-8F68-4746-9BD4-990E7CF26440}"
EndProject
Project("{2150E333-8FDC-42A3-9474-1A3956D46DE8}") = "Solution Items", "Solution Items", "{C6816A5E-56E2-4053-889C-E340EE276B9C}"
	ProjectSection(SolutionItems) = preProject
		.editorconfig = .editorconfig
	EndProjectSection
EndProject
Global
	GlobalSection(SolutionConfigurationPlatforms) = preSolution
		Debug|Any CPU = Debug|Any CPU
		Release|Any CPU = Release|Any CPU
	EndGlobalSection
	GlobalSection(ProjectConfigurationPlatforms) = postSolution
		{E40BDE7D-8F68-4746-9BD4-990E7CF26440}.Debug|Any CPU.ActiveCfg = Debug|Any CPU
		{E40BDE7D-8F68-4746-9BD4-990E7CF26440}.Debug|Any CPU.Build.0 = Debug|Any CPU
		{E40BDE7D-8F68-4746-9BD4-990E7CF26440}.Release|Any CPU.ActiveCfg = Release|Any CPU
		{E40BDE7D-8F68-4746-9BD4-990E7CF26440}.Release|Any CPU.Build.0 = Release|Any CPU
	EndGlobalSection
	GlobalSection(SolutionProperties) = preSolution
		HideSolutionNode = FALSE
	EndGlobalSection
	GlobalSection(ExtensibilityGlobals) = postSolution
		SolutionGuid = {62DF6F1F-E57F-452C-B2C4-C25575EBE54C}
	EndGlobalSection
EndGlobal
